
Microsoft Visual Studio Solution File, Format Version 12.00
# Visual Studio Version 17
VisualStudioVersion = 17.11.35103.136
MinimumVisualStudioVersion = 10.0.40219.1
Project("{9A19103F-16F7-4668-BE54-9A1E7A4F7556}") = "Act.Location.Contracts", "Act.Location.Contracts\Act.Location.Contracts.csproj", "{94996E08-CB53-4DE1-8CD0-703508C2808E}"
EndProject
Project("{9A19103F-16F7-4668-BE54-9A1E7A4F7556}") = "Act.SignalR.Client", "Act.SignalR.Client\Act.SignalR.Client.csproj", "{B988A1F1-CC14-42F5-B8CA-A36B976D00AB}"
EndProject
Project("{9A19103F-16F7-4668-BE54-9A1E7A4F7556}") = "Act.Internals", "Act.Internals\Act.Internals.csproj", "{2ACF5498-0045-41DC-8220-556D76646831}"
EndProject
Project("{FAE04EC0-301F-11D3-BF4B-00C04F79EFBC}") = "Act.Entidade", "Act.Entidade\Act.Entidade.csproj", "{CD7E4A7F-2326-4AAD-954B-E8A454264503}"
EndProject
Project("{FAE04EC0-301F-11D3-BF4B-00C04F79EFBC}") = "Act.Fiscal.NFe", "Act.Fiscal.NFe\Act.Fiscal.NFe.csproj", "{EA4BAC1C-5C11-4974-99C8-6735BA87F14C}"
EndProject
Project("{FAE04EC0-301F-11D3-BF4B-00C04F79EFBC}") = "Act.Utilities", "Act.Utilities\Act.Utilities.csproj", "{DBE826A0-F3E7-46F8-9E12-76A38DD13A13}"
EndProject
Project("{FAE04EC0-301F-11D3-BF4B-00C04F79EFBC}") = "Act.Xml", "Act.Xml\Act.Xml.csproj", "{E22CC72B-9A26-4195-B211-9A7F977C738D}"
EndProject
Project("{FAE04EC0-301F-11D3-BF4B-00C04F79EFBC}") = "Act.Product.Metadata", "Act.Product.Metadata\Act.Product.Metadata.csproj", "{12D78DBE-C367-4935-AE6C-B03C6C20D4F6}"
EndProject
Global
	GlobalSection(SolutionConfigurationPlatforms) = preSolution
		Debug|Any CPU = Debug|Any CPU
		Release|Any CPU = Release|Any CPU
	EndGlobalSection
	GlobalSection(ProjectConfigurationPlatforms) = postSolution
		{94996E08-CB53-4DE1-8CD0-703508C2808E}.Debug|Any CPU.ActiveCfg = Debug|Any CPU
		{94996E08-CB53-4DE1-8CD0-703508C2808E}.Debug|Any CPU.Build.0 = Debug|Any CPU
		{94996E08-CB53-4DE1-8CD0-703508C2808E}.Release|Any CPU.ActiveCfg = Release|Any CPU
		{94996E08-CB53-4DE1-8CD0-703508C2808E}.Release|Any CPU.Build.0 = Release|Any CPU
		{B988A1F1-CC14-42F5-B8CA-A36B976D00AB}.Debug|Any CPU.ActiveCfg = Debug|Any CPU
		{B988A1F1-CC14-42F5-B8CA-A36B976D00AB}.Debug|Any CPU.Build.0 = Debug|Any CPU
		{B988A1F1-CC14-42F5-B8CA-A36B976D00AB}.Release|Any CPU.ActiveCfg = Release|Any CPU
		{B988A1F1-CC14-42F5-B8CA-A36B976D00AB}.Release|Any CPU.Build.0 = Release|Any CPU
		{2ACF5498-0045-41DC-8220-556D76646831}.Debug|Any CPU.ActiveCfg = Debug|Any CPU
		{2ACF5498-0045-41DC-8220-556D76646831}.Debug|Any CPU.Build.0 = Debug|Any CPU
		{2ACF5498-0045-41DC-8220-556D76646831}.Release|Any CPU.ActiveCfg = Release|Any CPU
		{2ACF5498-0045-41DC-8220-556D76646831}.Release|Any CPU.Build.0 = Release|Any CPU
		{CD7E4A7F-2326-4AAD-954B-E8A454264503}.Debug|Any CPU.ActiveCfg = Debug|Any CPU
		{CD7E4A7F-2326-4AAD-954B-E8A454264503}.Debug|Any CPU.Build.0 = Debug|Any CPU
		{CD7E4A7F-2326-4AAD-954B-E8A454264503}.Release|Any CPU.ActiveCfg = Release|Any CPU
		{CD7E4A7F-2326-4AAD-954B-E8A454264503}.Release|Any CPU.Build.0 = Release|Any CPU
		{EA4BAC1C-5C11-4974-99C8-6735BA87F14C}.Debug|Any CPU.ActiveCfg = Debug|Any CPU
		{EA4BAC1C-5C11-4974-99C8-6735BA87F14C}.Debug|Any CPU.Build.0 = Debug|Any CPU
		{EA4BAC1C-5C11-4974-99C8-6735BA87F14C}.Release|Any CPU.ActiveCfg = Release|Any CPU
		{EA4BAC1C-5C11-4974-99C8-6735BA87F14C}.Release|Any CPU.Build.0 = Release|Any CPU
		{DBE826A0-F3E7-46F8-9E12-76A38DD13A13}.Debug|Any CPU.ActiveCfg = Debug|Any CPU
		{DBE826A0-F3E7-46F8-9E12-76A38DD13A13}.Debug|Any CPU.Build.0 = Debug|Any CPU
		{DBE826A0-F3E7-46F8-9E12-76A38DD13A13}.Release|Any CPU.ActiveCfg = Release|Any CPU
		{DBE826A0-F3E7-46F8-9E12-76A38DD13A13}.Release|Any CPU.Build.0 = Release|Any CPU
		{E22CC72B-9A26-4195-B211-9A7F977C738D}.Debug|Any CPU.ActiveCfg = Debug|Any CPU
		{E22CC72B-9A26-4195-B211-9A7F977C738D}.Debug|Any CPU.Build.0 = Debug|Any CPU
		{E22CC72B-9A26-4195-B211-9A7F977C738D}.Release|Any CPU.ActiveCfg = Release|Any CPU
		{E22CC72B-9A26-4195-B211-9A7F977C738D}.Release|Any CPU.Build.0 = Release|Any CPU
		{12D78DBE-C367-4935-AE6C-B03C6C20D4F6}.Debug|Any CPU.ActiveCfg = Debug|Any CPU
		{12D78DBE-C367-4935-AE6C-B03C6C20D4F6}.Debug|Any CPU.Build.0 = Debug|Any CPU
		{12D78DBE-C367-4935-AE6C-B03C6C20D4F6}.Release|Any CPU.ActiveCfg = Release|Any CPU
		{12D78DBE-C367-4935-AE6C-B03C6C20D4F6}.Release|Any CPU.Build.0 = Release|Any CPU
	EndGlobalSection
	GlobalSection(SolutionProperties) = preSolution
		HideSolutionNode = FALSE
	EndGlobalSection
	GlobalSection(ExtensibilityGlobals) = postSolution
		SolutionGuid = {5394529A-7422-4225-9723-5CB38E646086}
	EndGlobalSection
EndGlobal
