<Solution>
  <Folder Name="/Cqrs/">
    <Project Path="src/Cqrs/YFex.Cqrs.Analyzer/YFex.Cqrs.Analyzer.csproj" />
    <Project Path="src/Cqrs/YFex.Cqrs.SourceGenerator.Test/YFex.Cqrs.SourceGenerator.Test.csproj" />
    <Project Path="src/Cqrs/YFex.Cqrs.SourceGenerator/YFex.Cqrs.SourceGenerator.csproj" />
    <Project Path="src/Cqrs/YFex.Cqrs/YFex.Cqrs.csproj" />
  </Folder>
  <Folder Name="/Messaging/">
    <Project Path="src/Messaging/YFex.Messaging.Fusion/YFex.Messaging.Fusion.csproj" />
    <Project Path="src/Messaging/YFex.Messaging.Generator/YFex.Messaging.Generator.csproj" />
    <Project Path="src/Messaging/YFex.Messaging.Rpc.Wolverine/YFex.Messaging.Rpc.Wolverine.csproj" />
    <Project Path="src/Messaging/YFex.Messaging.Rpc/YFex.Messaging.Rpc.csproj" />
    <Project Path="src/Messaging/YFex.Messaging.Tests/YFex.Messaging.Tests.csproj" />
    <Project Path="src/Messaging/YFex.Messaging/YFex.Messaging.csproj" />
  </Folder>
  <Folder Name="/Mvvm/">
    <Project Path="src/UI/YFex.Mvvm/YFex.Mvvm.csproj" />
  </Folder>
  <Folder Name="/Navigation/">
    <Project Path="src/Navigation/YFex.NavigatR.SourceGenerator/YFex.NavigatR.SourceGenerator.csproj" />
    <Project Path="src/Navigation/YFex.NavigatR.Tests/YFex.NavigatR.Tests.csproj" />
    <Project Path="src/Navigation/YFex.NavigatR/YFex.NavigatR.csproj" />
  </Folder>
  <Folder Name="/Persistence/">
    <Project Path="src/Persistence/YFex.Persistence.Encryption/YFex.Persistence.Encryption.csproj" />
    <Project Path="src/Persistence/YFex.Persistence.FileSystem/YFex.Persistence.FileSystem.csproj" />
    <Project Path="src/Persistence/YFex.Persistence.Generator/YFex.Persistence.Generator.csproj" />
    <Project Path="src/Persistence/YFex.Persistence.IndexedDb/YFex.Persistence.IndexedDb.csproj" />
    <Project Path="src/Persistence/YFex.Persistence.Smoke/YFex.Persistence.Smoke.csproj" />
    <Project Path="src/Persistence/YFex.Persistence.Sqlite/YFex.Persistence.Sqlite.csproj" />
    <Project Path="src/Persistence/YFex.Persistence.Tests/YFex.Persistence.Tests.csproj" />
    <Project Path="src/Persistence/YFex.Persistence/YFex.Persistence.csproj" />
  </Folder>
  <Folder Name="/Data/">
    <Project Path="../YFex.Data/src/YFex.Data/YFex.Data.csproj" />
    <Project Path="../YFex.Data/src/YFex.Sqlite/YFex.Sqlite.csproj" />
  </Folder>
  <Folder Name="/Security/">
    <Project Path="../YFex.Security/YFex.Security/YFex.Security.csproj" />
    <Project Path="../YFex.Security/YFex.Security.Analysis/YFex.Security.Analysis.csproj" />
    <Project Path="../YFex.Security/YFex.Security.Windows/YFex.Security.Windows.csproj" />
    <Project Path="../YFex.Security/YFex.Security.Windows.Interception/YFex.Security.Windows.Interception.csproj" />
    <Project Path="../YFex.Security/YFex.Security.Service/YFex.Security.Service.csproj" />
    <Project Path="../YFex.Security/YFex.Security.Cli/YFex.Security.Cli.csproj" />
    <Project Path="../YFex.Security/YFex.Security.Tests/YFex.Security.Tests.csproj" />
    <Project Path="../YFex.Security/YFex.Security.Windows.Interception.Tests/YFex.Security.Windows.Interception.Tests.csproj" />
  </Folder>
  <Folder Name="/System/">
    <Project Path="../YFex.System/YFex.System/YFex.System.csproj" />
    <Project Path="../YFex.System/YFex.System.Windows/YFex.System.Windows.csproj" />
    <Project Path="../YFex.System/YFex.System.Tests/YFex.System.Tests.csproj" />
  </Folder>
  <Folder Name="/State/">
    <Project Path="src/State/YFex.State.Blazor/YFex.State.Blazor.csproj" />
    <Project Path="src/State/YFex.State.Collections/YFex.State.Collections.csproj" />
    <Project Path="src/State/YFex.State.Generator/YFex.State.Generator.csproj" />
    <Project Path="src/State/YFex.State.History.Generator/YFex.State.History.Generator.csproj" />
    <Project Path="src/State/YFex.State.History.Persistence/YFex.State.History.Persistence.csproj" />
    <Project Path="src/State/YFex.State.History.Testing/YFex.State.History.Testing.csproj" />
    <Project Path="src/State/YFex.State.History.Tests/YFex.State.History.Tests.csproj" />
    <Project Path="src/State/YFex.State.History/YFex.State.History.csproj" />
    <Project Path="src/State/YFex.State.Mvvm/YFex.State.Mvvm.csproj" />
    <Project Path="src/State/YFex.State.Smoke/YFex.State.Smoke.csproj" />
    <Project Path="src/State/YFex.State.Tests/YFex.State.Tests.csproj" />
    <Project Path="src/State/YFex.State/YFex.State.csproj" />
  </Folder>
  <Project Path="src/YFex/YFex.csproj" />
</Solution>
